{
  "name": "ptn-js",
  "version": "0.1.9",
  "lockfileVersion": 3,
  "requires": true,
  "packages": {
    "": {
      "name": "ptn-js",
      "version": "0.1.9",
      "license": "MIT",
      "dependencies": {
        "bpmn-font": "^0.12.1",
        "diagram-js": "^15.2.4",
        "diagram-js-direct-editing": "^2.1.2",
        "ids": "^1.0.5",
        "inherits": "^2.0.4",
        "jquery": "^3.7.1",
        "min-dash": "^4.2.1",
        "min-dom": "^5.0.0",
        "moddle": "^6.2.3",
        "moddle-xml": "^10.1.0",
        "object-refs": "^0.4.0",
        "pnml-moddle-converter": "^0.2.7",
        "tiny-svg": "^4.0.0"
      },
      "devDependencies": {
        "prettier": "^3.2.5"
      }
    },
    "node_modules/@bpmn-io/diagram-js-ui": {
      "version": "0.2.3",
      "resolved": "https://registry.npmjs.org/@bpmn-io/diagram-js-ui/-/diagram-js-ui-0.2.3.tgz",
      "integrity": "sha512-OGyjZKvGK8tHSZ0l7RfeKhilGoOGtFDcoqSGYkX0uhFlo99OVZ9Jn1K7TJGzcE9BdKwvA5Y5kGqHEhdTxHvFfw==",
      "dependencies": {
        "htm": "^3.1.1",
        "preact": "^10.11.2"
      }
    },
    "node_modules/@oozcitak/dom": {
      "version": "1.15.10",
      "resolved": "https://registry.npmjs.org/@oozcitak/dom/-/dom-1.15.10.tgz",
      "integrity": "sha512-0JT29/LaxVgRcGKvHmSrUTEvZ8BXvZhGl2LASRUgHqDTC1M5g1pLmVv56IYNyt3bG2CUjDkc67wnyZC14pbQrQ==",
      "dependencies": {
        "@oozcitak/infra": "1.0.8",
        "@oozcitak/url": "1.0.4",
        "@oozcitak/util": "8.3.8"
      },
      "engines": {
        "node": ">=8.0"
      }
    },
    "node_modules/@oozcitak/infra": {
      "version": "1.0.8",
      "resolved": "https://registry.npmjs.org/@oozcitak/infra/-/infra-1.0.8.tgz",
      "integrity": "sha512-JRAUc9VR6IGHOL7OGF+yrvs0LO8SlqGnPAMqyzOuFZPSZSXI7Xf2O9+awQPSMXgIWGtgUf/dA6Hs6X6ySEaWTg==",
      "dependencies": {
        "@oozcitak/util": "8.3.8"
      },
      "engines": {
        "node": ">=6.0"
      }
    },
    "node_modules/@oozcitak/url": {
      "version": "1.0.4",
      "resolved": "https://registry.npmjs.org/@oozcitak/url/-/url-1.0.4.tgz",
      "integrity": "sha512-kDcD8y+y3FCSOvnBI6HJgl00viO/nGbQoCINmQ0h98OhnGITrWR3bOGfwYCthgcrV8AnTJz8MzslTQbC3SOAmw==",
      "dependencies": {
        "@oozcitak/infra": "1.0.8",
        "@oozcitak/util": "8.3.8"
      },
      "engines": {
        "node": ">=8.0"
      }
    },
    "node_modules/@oozcitak/util": {
      "version": "8.3.8",
      "resolved": "https://registry.npmjs.org/@oozcitak/util/-/util-8.3.8.tgz",
      "integrity": "sha512-T8TbSnGsxo6TDBJx/Sgv/BlVJL3tshxZP7Aq5R1mSnM5OcHY2dQaxLMu2+E8u3gN0MLOzdjurqN4ZRVuzQycOQ==",
      "engines": {
        "node": ">=8.0"
      }
    },
    "node_modules/bpmn-font": {
      "version": "0.12.1",
      "resolved": "https://registry.npmjs.org/bpmn-font/-/bpmn-font-0.12.1.tgz",
      "integrity": "sha512-quQ47cFuFSZw3y5ta4J2eg+g/UG38pN9Uk8QzR988RyjFP7agdgwmVXPErCGqaFm4UyTTNGtx9jCFdcxw990vg=="
    },
    "node_modules/clsx": {
      "version": "2.1.0",
      "resolved": "https://registry.npmjs.org/clsx/-/clsx-2.1.0.tgz",
      "integrity": "sha512-m3iNNWpd9rl3jvvcBnu70ylMdrXt8Vlq4HYadnU5fwcOtvkSQWPmj7amUcDT2qYI7risszBjI5AUIUox9D16pg==",
      "engines": {
        "node": ">=6"
      }
    },
    "node_modules/component-event": {
      "version": "0.2.1",
      "resolved": "https://registry.npmjs.org/component-event/-/component-event-0.2.1.tgz",
      "integrity": "sha512-wGA++isMqiDq1jPYeyv2as/Bt/u+3iLW0rEa+8NQ82jAv3TgqMiCM+B2SaBdn2DfLilLjjq736YcezihRYhfxw=="
    },
    "node_modules/diagram-js": {
      "version": "15.2.4",
      "resolved": "https://registry.npmjs.org/diagram-js/-/diagram-js-15.2.4.tgz",
      "integrity": "sha512-8v0U8AY6a5Vd6Cys5MdN7+yYRhs294/Q4ixkER/3v2ZPSbVCnK9XfbeYbB5QQfoCMkBnY7WBbLbcjvRNHTxnpw==",
      "dependencies": {
        "@bpmn-io/diagram-js-ui": "^0.2.3",
        "clsx": "^2.1.0",
        "didi": "^10.2.2",
        "inherits-browser": "^0.1.0",
        "min-dash": "^4.1.0",
        "min-dom": "^4.2.1",
        "object-refs": "^0.4.0",
        "path-intersection": "^3.0.0",
        "tiny-svg": "^3.1.2"
      },
      "engines": {
        "node": "*"
      }
    },
    "node_modules/diagram-js-direct-editing": {
      "version": "2.1.2",
      "resolved": "https://registry.npmjs.org/diagram-js-direct-editing/-/diagram-js-direct-editing-2.1.2.tgz",
      "integrity": "sha512-VpccLAnLqLF1cp3fk363QUbRVTd/qTcj2oOb+IqgcmOiWszJp7J9Ta6y5GjUvw48hDZpzCatlmWwA4CJ3MaYGQ==",
      "dependencies": {
        "min-dash": "^4.0.0",
        "min-dom": "^4.0.2"
      },
      "engines": {
        "node": "*"
      },
      "peerDependencies": {
        "diagram-js": "*"
      }
    },
    "node_modules/diagram-js-direct-editing/node_modules/domify": {
      "version": "1.4.2",
      "resolved": "https://registry.npmjs.org/domify/-/domify-1.4.2.tgz",
      "integrity": "sha512-m4yreHcUWHBncGVV7U+yQzc12vIlq0jMrtHZ5mW6dQMiL/7skSYNVX9wqKwOtyO9SGCgevrAFEgOCAHmamHTUA==",
      "funding": {
        "url": "https://github.com/sponsors/sindresorhus"
      }
    },
    "node_modules/diagram-js-direct-editing/node_modules/min-dom": {
      "version": "4.1.0",
      "resolved": "https://registry.npmjs.org/min-dom/-/min-dom-4.1.0.tgz",
      "integrity": "sha512-1lj1EyoSwY/UmTeT/hhPiZTsq+vK9D+8FAJ/53iK5jT1otkG9rJTixSKdjmTieEvdfES+sKbbTptzaQJhnacjA==",
      "dependencies": {
        "component-event": "^0.2.1",
        "domify": "^1.4.1",
        "min-dash": "^4.0.0"
      }
    },
    "node_modules/diagram-js/node_modules/domify": {
      "version": "1.4.2",
      "resolved": "https://registry.npmjs.org/domify/-/domify-1.4.2.tgz",
      "integrity": "sha512-m4yreHcUWHBncGVV7U+yQzc12vIlq0jMrtHZ5mW6dQMiL/7skSYNVX9wqKwOtyO9SGCgevrAFEgOCAHmamHTUA==",
      "funding": {
        "url": "https://github.com/sponsors/sindresorhus"
      }
    },
    "node_modules/diagram-js/node_modules/min-dom": {
      "version": "4.2.1",
      "resolved": "https://registry.npmjs.org/min-dom/-/min-dom-4.2.1.tgz",
      "integrity": "sha512-TMoL8SEEIhUWYgkj7XMSgxmwSyGI+4fP2KFFGnN3FbHfbGHVdsLYSz8LoIsgPhz4dWRmLvxWWSMgzZMJW5sZuA==",
      "dependencies": {
        "component-event": "^0.2.1",
        "domify": "^1.4.1",
        "min-dash": "^4.2.1"
      }
    },
    "node_modules/diagram-js/node_modules/tiny-svg": {
      "version": "3.1.2",
      "resolved": "https://registry.npmjs.org/tiny-svg/-/tiny-svg-3.1.2.tgz",
      "integrity": "sha512-qvNlv/4N48HqbNpwAhzQ9HKHlBUKgA4091x+aVfsrRXHIcQ9NA3W6ZYwdmYAIdwT+vfAAksrc9L/3RQBj5KwPw=="
    },
    "node_modules/didi": {
      "version": "10.2.2",
      "resolved": "https://registry.npmjs.org/didi/-/didi-10.2.2.tgz",
      "integrity": "sha512-l8NYkYFXV1izHI65EyT8EXOjUZtKmQkHLTT89cSP7HU5J/G7AOj0dXKtLc04EXYlga99PBY18IPjOeZ+c3DI4w==",
      "engines": {
        "node": ">= 16"
      }
    },
    "node_modules/domify": {
      "version": "2.0.0",
      "resolved": "https://registry.npmjs.org/domify/-/domify-2.0.0.tgz",
      "integrity": "sha512-rmvrrmWQPD/X1A/nPBfIVg4r05792QdG9Z4Prk6oQG0F9zBMDkr0GKAdds1wjb2dq1rTz/ywc4ZxpZbgz0tttg==",
      "engines": {
        "node": ">=18"
      },
      "funding": {
        "url": "https://github.com/sponsors/sindresorhus"
      }
    },
    "node_modules/esprima": {
      "version": "4.0.1",
      "resolved": "https://registry.npmjs.org/esprima/-/esprima-4.0.1.tgz",
      "integrity": "sha512-eGuFFw7Upda+g4p+QHvnW0RyTX/SVeJBDM/gCtMARO0cLuT2HcEKnTPvhjV6aGeqrCB/sbNop0Kszm0jsaWU4A==",
      "bin": {
        "esparse": "bin/esparse.js",
        "esvalidate": "bin/esvalidate.js"
      },
      "engines": {
        "node": ">=4"
      }
    },
    "node_modules/htm": {
      "version": "3.1.1",
      "resolved": "https://registry.npmjs.org/htm/-/htm-3.1.1.tgz",
      "integrity": "sha512-983Vyg8NwUE7JkZ6NmOqpCZ+sh1bKv2iYTlUkzlWmA5JD2acKoxd4KVxbMmxX/85mtfdnDmTFoNKcg5DGAvxNQ=="
    },
    "node_modules/ids": {
      "version": "1.0.5",
      "resolved": "https://registry.npmjs.org/ids/-/ids-1.0.5.tgz",
      "integrity": "sha512-XQ0yom/4KWTL29sLG+tyuycy7UmeaM/79GRtSJq6IG9cJGIPeBz5kwDCguie3TwxaMNIc3WtPi0cTa1XYHicpw=="
    },
    "node_modules/inherits": {
      "version": "2.0.4",
      "resolved": "https://registry.npmjs.org/inherits/-/inherits-2.0.4.tgz",
      "integrity": "sha512-k/vGaX4/Yla3WzyMCvTQOXYeIHvqOKtnqBduzTHpzpQZzAskKMhZ2K+EnBiSM9zGSoIFeMpXKxa4dYeZIQqewQ=="
    },
    "node_modules/inherits-browser": {
      "version": "0.1.0",
      "resolved": "https://registry.npmjs.org/inherits-browser/-/inherits-browser-0.1.0.tgz",
      "integrity": "sha512-CJHHvW3jQ6q7lzsXPpapLdMx5hDpSF3FSh45pwsj6bKxJJ8Nl8v43i5yXnr3BdfOimGHKyniewQtnAIp3vyJJw=="
    },
    "node_modules/jquery": {
      "version": "3.7.1",
      "resolved": "https://registry.npmjs.org/jquery/-/jquery-3.7.1.tgz",
      "integrity": "sha512-m4avr8yL8kmFN8psrbFFFmB/If14iN5o9nw/NgnnM+kybDJpRsAynV2BsfpTYrTRysYUdADVD7CkUUizgkpLfg=="
    },
    "node_modules/min-dash": {
      "version": "4.2.1",
      "resolved": "https://registry.npmjs.org/min-dash/-/min-dash-4.2.1.tgz",
      "integrity": "sha512-to+unsToePnm7cUeR9TrMzFlETHd/UXmU+ELTRfWZj5XGT41KF6X3L233o3E/GdEs3sk2Tbw/lOLD1avmWkg8A=="
    },
    "node_modules/min-dom": {
      "version": "5.0.0",
      "resolved": "https://registry.npmjs.org/min-dom/-/min-dom-5.0.0.tgz",
      "integrity": "sha512-eqZlSlxmCje0Q1B4sR2RUuh5DOE8FyYLPo35xuJabHBrlzEcG/DFg09TT2tIWRVB3w/6ZgCBkVIPpcOiD66BxQ==",
      "dependencies": {
        "domify": "^2.0.0",
        "min-dash": "^4.2.1"
      }
    },
    "node_modules/moddle": {
      "version": "6.2.3",
      "resolved": "https://registry.npmjs.org/moddle/-/moddle-6.2.3.tgz",
      "integrity": "sha512-bLVN+ZHL3aKnhxc19XtjUfvdJsS3EsiEJC7bT6YPD11qYmTzvsxrGgyYz1Ouof7TZuGw0lDJ1OLmEnxcpQWk3Q==",
      "dependencies": {
        "min-dash": "^4.0.0"
      }
    },
    "node_modules/moddle-xml": {
      "version": "10.1.0",
      "resolved": "https://registry.npmjs.org/moddle-xml/-/moddle-xml-10.1.0.tgz",
      "integrity": "sha512-erWckwLt+dYskewKXJso9u+aAZ5172lOiYxSOqKCPTy7L/xmqH1PoeoA7eVC7oJTt3PqF5TkZzUmbjGH6soQBg==",
      "dependencies": {
        "min-dash": "^4.0.0",
        "moddle": "^6.0.0",
        "saxen": "^8.1.2"
      }
    },
    "node_modules/object-refs": {
      "version": "0.4.0",
      "resolved": "https://registry.npmjs.org/object-refs/-/object-refs-0.4.0.tgz",
      "integrity": "sha512-6kJqKWryKZmtte6QYvouas0/EIJKPI1/MMIuRsiBlNuhIMfqYTggzX2F1AJ2+cDs288xyi9GL7FyasHINR98BQ==",
      "engines": {
        "node": "*"
      }
    },
    "node_modules/path-intersection": {
      "version": "3.0.0",
      "resolved": "https://registry.npmjs.org/path-intersection/-/path-intersection-3.0.0.tgz",
      "integrity": "sha512-Rdnfb33F9+qadWe3ZyzDpw3KSXQhsK1MByL44QzSDIQtMAujd0zFx9f+kt4SaQp1JOoXl5pl5K28EoEuAEgarA==",
      "engines": {
        "node": ">= 14.20"
      }
    },
    "node_modules/pnml-moddle-converter": {
      "version": "0.2.7",
      "resolved": "https://registry.npmjs.org/pnml-moddle-converter/-/pnml-moddle-converter-0.2.7.tgz",
      "integrity": "sha512-t7/uWP219OkSae63uY++IrAYtHkVqW9w51AxSH3XciiCrWlc7MdlynCHxaaTtkluB5aZMUKA0slopt23+Mt5KA==",
      "license": "MIT",
      "dependencies": {
        "xmlbuilder2": "^3.1.1"
      }
    },
    "node_modules/preact": {
      "version": "10.22.1",
      "resolved": "https://registry.npmjs.org/preact/-/preact-10.22.1.tgz",
      "integrity": "sha512-jRYbDDgMpIb5LHq3hkI0bbl+l/TQ9UnkdQ0ww+lp+4MMOdqaUYdFc5qeyP+IV8FAd/2Em7drVPeKdQxsiWCf/A==",
      "funding": {
        "type": "opencollective",
        "url": "https://opencollective.com/preact"
      }
    },
    "node_modules/prettier": {
      "version": "3.2.5",
      "resolved": "https://registry.npmjs.org/prettier/-/prettier-3.2.5.tgz",
      "integrity": "sha512-3/GWa9aOC0YeD7LUfvOG2NiDyhOWRvt1k+rcKhOuYnMY24iiCphgneUfJDyFXd6rZCAnuLBv6UeAULtrhT/F4A==",
      "dev": true,
      "bin": {
        "prettier": "bin/prettier.cjs"
      },
      "engines": {
        "node": ">=14"
      },
      "funding": {
        "url": "https://github.com/prettier/prettier?sponsor=1"
      }
    },
    "node_modules/saxen": {
      "version": "8.1.2",
      "resolved": "https://registry.npmjs.org/saxen/-/saxen-8.1.2.tgz",
      "integrity": "sha512-xUOiiFbc3Ow7p8KMxwsGICPx46ZQvy3+qfNVhrkwfz3Vvq45eGt98Ft5IQaA1R/7Tb5B5MKh9fUR9x3c3nDTxw=="
    },
    "node_modules/sprintf-js": {
      "version": "1.0.3",
      "resolved": "https://registry.npmjs.org/sprintf-js/-/sprintf-js-1.0.3.tgz",
      "integrity": "sha512-D9cPgkvLlV3t3IzL0D0YLvGA9Ahk4PcvVwUbN0dSGr1aP0Nrt4AEnTUbuGvquEC0mA64Gqt1fzirlRs5ibXx8g=="
    },
    "node_modules/tiny-svg": {
      "version": "4.0.0",
      "resolved": "https://registry.npmjs.org/tiny-svg/-/tiny-svg-4.0.0.tgz",
      "integrity": "sha512-r5fvsVXJ6BvLzEmAVF3gJusimBveGJJ25rtwTxW9FqgGsEP/gYgiKzEEqekmm27gkW6BEp4rfruvhz9n+3CVSw==",
      "engines": {
        "node": ">= 16"
      }
    },
    "node_modules/xmlbuilder2": {
      "version": "3.1.1",
      "resolved": "https://registry.npmjs.org/xmlbuilder2/-/xmlbuilder2-3.1.1.tgz",
      "integrity": "sha512-WCSfbfZnQDdLQLiMdGUQpMxxckeQ4oZNMNhLVkcekTu7xhD4tuUDyAPoY8CwXvBYE6LwBHd6QW2WZXlOWr1vCw==",
      "dependencies": {
        "@oozcitak/dom": "1.15.10",
        "@oozcitak/infra": "1.0.8",
        "@oozcitak/util": "8.3.8",
        "js-yaml": "3.14.1"
      },
      "engines": {
        "node": ">=12.0"
      }
    },
    "node_modules/xmlbuilder2/node_modules/argparse": {
      "version": "1.0.10",
      "resolved": "https://registry.npmjs.org/argparse/-/argparse-1.0.10.tgz",
      "integrity": "sha512-o5Roy6tNG4SL/FOkCAN6RzjiakZS25RLYFrcMttJqbdd8BWrnA+fGz57iN5Pb06pvBGvl5gQ0B48dJlslXvoTg==",
      "dependencies": {
        "sprintf-js": "~1.0.2"
      }
    },
    "node_modules/xmlbuilder2/node_modules/js-yaml": {
      "version": "3.14.1",
      "resolved": "https://registry.npmjs.org/js-yaml/-/js-yaml-3.14.1.tgz",
      "integrity": "sha512-okMH7OXXJ7YrN9Ok3/SXrnu4iX9yOk+25nqX4imS2npuvTYDmo/QEZoqwZkYaIDk3jVvBOTOIEgEhaLOynBS9g==",
      "dependencies": {
        "argparse": "^1.0.7",
        "esprima": "^4.0.0"
      },
      "bin": {
        "js-yaml": "bin/js-yaml.js"
      }
    }
  }
}
